// !$*UTF8*$!
{
	archiveVersion = 1;
	classes = {
	};
	objectVersion = 50;
	objects = {

/* Begin PBXBuildFile section */
		96B7EFDC25B75552002D2DC8 /* Shared in Resources */ = {isa = PBXBuildFile; fileRef = 96B7EFDB25B75552002D2DC8 /* Shared */; };
		96B7EFDD25B75552002D2DC8 /* Shared in Resources */ = {isa = PBXBuildFile; fileRef = 96B7EFDB25B75552002D2DC8 /* Shared */; };
		96B7EFE325B75552002D2DC8 /* StatusBarController.swift in Sources */ = {isa = PBXBuildFile; fileRef = 96B7EFE225B75552002D2DC8 /* StatusBarController.swift */; };
		96B7EFE425B75552002D2DC8 /* StatusBarController.swift in Sources */ = {isa = PBXBuildFile; fileRef = 96B7EFE225B75552002D2DC8 /* StatusBarController.swift */; };
		96D67F0725AD34AA000AC679 /* Tests_iOS.swift in Sources */ = {isa = PBXBuildFile; fileRef = 96D67F0625AD34AA000AC679 /* Tests_iOS.swift */; };
		96D67F1225AD34AA000AC679 /* Tests_macOS.swift in Sources */ = {isa = PBXBuildFile; fileRef = 96D67F1125AD34AA000AC679 /* Tests_macOS.swift */; };
		96D67F1425AD34AA000AC679 /* RunKeeperTestApp.swift in Sources */ = {isa = PBXBuildFile; fileRef = 96D67EEB25AD34A7000AC679 /* RunKeeperTestApp.swift */; };
		96D67F1525AD34AA000AC679 /* RunKeeperTestApp.swift in Sources */ = {isa = PBXBuildFile; fileRef = 96D67EEB25AD34A7000AC679 /* RunKeeperTestApp.swift */; };
		96D67F1625AD34AA000AC679 /* ContentView.swift in Sources */ = {isa = PBXBuildFile; fileRef = 96D67EEC25AD34A7000AC679 /* ContentView.swift */; };
		96D67F1725AD34AA000AC679 /* ContentView.swift in Sources */ = {isa = PBXBuildFile; fileRef = 96D67EEC25AD34A7000AC679 /* ContentView.swift */; };
		96D67F1825AD34AA000AC679 /* Assets.xcassets in Resources */ = {isa = PBXBuildFile; fileRef = 96D67EED25AD34AA000AC679 /* Assets.xcassets */; };
		96D67F1925AD34AA000AC679 /* Assets.xcassets in Resources */ = {isa = PBXBuildFile; fileRef = 96D67EED25AD34AA000AC679 /* Assets.xcassets */; };
/* End PBXBuildFile section */

/* Begin PBXContainerItemProxy section */
		96D67F0325AD34AA000AC679 /* PBXContainerItemProxy */ = {
			isa = PBXContainerItemProxy;
			containerPortal = 96D67EE625AD34A6000AC679 /* Project object */;
			proxyType = 1;
			remoteGlobalIDString = 96D67EF125AD34AA000AC679;
			remoteInfo = "RunKeeperTest (iOS)";
		};
		96D67F0E25AD34AA000AC679 /* PBXContainerItemProxy */ = {
			isa = PBXContainerItemProxy;
			containerPortal = 96D67EE625AD34A6000AC679 /* Project object */;
			proxyType = 1;
			remoteGlobalIDString = 96D67EF925AD34AA000AC679;
			remoteInfo = "RunKeeperTest (macOS)";
		};
/* End PBXContainerItemProxy section */

/* Begin PBXFileReference section */
		96B7EFDB25B75552002D2DC8 /* Shared */ = {isa = PBXFileReference; lastKnownFileType = folder; name = Shared; sourceTree = "<group>"; };
		96B7EFE225B75552002D2DC8 /* StatusBarController.swift */ = {isa = PBXFileReference; lastKnownFileType = sourcecode.swift; path = StatusBarController.swift; sourceTree = "<group>"; };
		96D67EEB25AD34A7000AC679 /* RunKeeperTestApp.swift */ = {isa = PBXFileReference; lastKnownFileType = sourcecode.swift; path = RunKeeperTestApp.swift; sourceTree = "<group>"; };
		96D67EEC25AD34A7000AC679 /* ContentView.swift */ = {isa = PBXFileReference; lastKnownFileType = sourcecode.swift; path = ContentView.swift; sourceTree = "<group>"; };
		96D67EED25AD34AA000AC679 /* Assets.xcassets */ = {isa = PBXFileReference; lastKnownFileType = folder.assetcatalog; path = Assets.xcassets; sourceTree = "<group>"; };
		96D67EF225AD34AA000AC679 /* RunKeeperTest.app */ = {isa = PBXFileReference; explicitFileType = wrapper.application; includeInIndex = 0; path = RunKeeperTest.app; sourceTree = BUILT_PRODUCTS_DIR; };
		96D67EF525AD34AA000AC679 /* Info.plist */ = {isa = PBXFileReference; lastKnownFileType = text.plist.xml; path = Info.plist; sourceTree = "<group>"; };
		96D67EFA25AD34AA000AC679 /* RunKeeperTest.app */ = {isa = PBXFileReference; explicitFileType = wrapper.application; includeInIndex = 0; path = RunKeeperTest.app; sourceTree = BUILT_PRODUCTS_DIR; };
		96D67EFC25AD34AA000AC679 /* Info.plist */ = {isa = PBXFileReference; lastKnownFileType = text.plist.xml; path = Info.plist; sourceTree = "<group>"; };
		96D67EFD25AD34AA000AC679 /* macOS.entitlements */ = {isa = PBXFileReference; lastKnownFileType = text.plist.entitlements; path = macOS.entitlements; sourceTree = "<group>"; };
		96D67F0225AD34AA000AC679 /* Tests iOS.xctest */ = {isa = PBXFileReference; explicitFileType = wrapper.cfbundle; includeInIndex = 0; path = "Tests iOS.xctest"; sourceTree = BUILT_PRODUCTS_DIR; };
		96D67F0625AD34AA000AC679 /* Tests_iOS.swift */ = {isa = PBXFileReference; lastKnownFileType = sourcecode.swift; path = Tests_iOS.swift; sourceTree = "<group>"; };
		96D67F0825AD34AA000AC679 /* Info.plist */ = {isa = PBXFileReference; lastKnownFileType = text.plist.xml; path = Info.plist; sourceTree = "<group>"; };
		96D67F0D25AD34AA000AC679 /* Tests macOS.xctest */ = {isa = PBXFileReference; explicitFileType = wrapper.cfbundle; includeInIndex = 0; path = "Tests macOS.xctest"; sourceTree = BUILT_PRODUCTS_DIR; };
		96D67F1125AD34AA000AC679 /* Tests_macOS.swift */ = {isa = PBXFileReference; lastKnownFileType = sourcecode.swift; path = Tests_macOS.swift; sourceTree = "<group>"; };
		96D67F1325AD34AA000AC679 /* Info.plist */ = {isa = PBXFileReference; lastKnownFileType = text.plist.xml; path = Info.plist; sourceTree = "<group>"; };
/* End PBXFileReference section */

/* Begin PBXFrameworksBuildPhase section */
		96D67EEF25AD34AA000AC679 /* Frameworks */ = {
			isa = PBXFrameworksBuildPhase;
			buildActionMask = 2147483647;
			files = (
			);
			runOnlyForDeploymentPostprocessing = 0;
		};
		96D67EF725AD34AA000AC679 /* Frameworks */ = {
			isa = PBXFrameworksBuildPhase;
			buildActionMask = 2147483647;
			files = (
			);
			runOnlyForDeploymentPostprocessing = 0;
		};
		96D67EFF25AD34AA000AC679 /* Frameworks */ = {
			isa = PBXFrameworksBuildPhase;
			buildActionMask = 2147483647;
			files = (
			);
			runOnlyForDeploymentPostprocessing = 0;
		};
		96D67F0A25AD34AA000AC679 /* Frameworks */ = {
			isa = PBXFrameworksBuildPhase;
			buildActionMask = 2147483647;
			files = (
			);
			runOnlyForDeploymentPostprocessing = 0;
		};
/* End PBXFrameworksBuildPhase section */

/* Begin PBXGroup section */
		96D67EE525AD34A6000AC679 = {
			isa = PBXGroup;
			children = (
				96D67EEA25AD34A7000AC679 /* Shared */,
				96D67EF425AD34AA000AC679 /* iOS */,
				96D67EFB25AD34AA000AC679 /* macOS */,
				96D67F0525AD34AA000AC679 /* Tests iOS */,
				96D67F1025AD34AA000AC679 /* Tests macOS */,
				96D67EF325AD34AA000AC679 /* Products */,
			);
			sourceTree = "<group>";
		};
		96D67EEA25AD34A7000AC679 /* Shared */ = {
			isa = PBXGroup;
			children = (
				96B7EFDB25B75552002D2DC8 /* Shared */,
				96D67EEB25AD34A7000AC679 /* RunKeeperTestApp.swift */,
				96D67EEC25AD34A7000AC679 /* ContentView.swift */,
				96D67EED25AD34AA000AC679 /* Assets.xcassets */,
				96B7EFE225B75552002D2DC8 /* StatusBarController.swift */,
			);
			path = Shared;
			sourceTree = "<group>";
		};
		96D67EF325AD34AA000AC679 /* Products */ = {
			isa = PBXGroup;
			children = (
				96D67EF225AD34AA000AC679 /* RunKeeperTest.app */,
				96D67EFA25AD34AA000AC679 /* RunKeeperTest.app */,
				96D67F0225AD34AA000AC679 /* Tests iOS.xctest */,
				96D67F0D25AD34AA000AC679 /* Tests macOS.xctest */,
			);
			name = Products;
			sourceTree = "<group>";
		};
		96D67EF425AD34AA000AC679 /* iOS */ = {
			isa = PBXGroup;
			children = (
				96D67EF525AD34AA000AC679 /* Info.plist */,
			);
			path = iOS;
			sourceTree = "<group>";
		};
		96D67EFB25AD34AA000AC679 /* macOS */ = {
			isa = PBXGroup;
			children = (
				96D67EFC25AD34AA000AC679 /* Info.plist */,
				96D67EFD25AD34AA000AC679 /* macOS.entitlements */,
			);
			path = macOS;
			sourceTree = "<group>";
		};
		96D67F0525AD34AA000AC679 /* Tests iOS */ = {
			isa = PBXGroup;
			children = (
				96D67F0625AD34AA000AC679 /* Tests_iOS.swift */,
				96D67F0825AD34AA000AC679 /* Info.plist */,
			);
			path = "Tests iOS";
			sourceTree = "<group>";
		};
		96D67F1025AD34AA000AC679 /* Tests macOS */ = {
			isa = PBXGroup;
			children = (
				96D67F1125AD34AA000AC679 /* Tests_macOS.swift */,
				96D67F1325AD34AA000AC679 /* Info.plist */,
			);
			path = "Tests macOS";
			sourceTree = "<group>";
		};
/* End PBXGroup section */

/* Begin PBXNativeTarget section */
		96D67EF125AD34AA000AC679 /* RunKeeperTest (iOS) */ = {
			isa = PBXNativeTarget;
			buildConfigurationList = 96D67F1C25AD34AA000AC679 /* Build configuration list for PBXNativeTarget "RunKeeperTest (iOS)" */;
			buildPhases = (
				96D67EEE25AD34AA000AC679 /* Sources */,
				96D67EEF25AD34AA000AC679 /* Frameworks */,
				96D67EF025AD34AA000AC679 /* Resources */,
			);
			buildRules = (
			);
			dependencies = (
			);
			name = "RunKeeperTest (iOS)";
			productName = "RunKeeperTest (iOS)";
			productReference = 96D67EF225AD34AA000AC679 /* RunKeeperTest.app */;
			productType = "com.apple.product-type.application";
		};
		96D67EF925AD34AA000AC679 /* RunKeeperTest (macOS) */ = {
			isa = PBXNativeTarget;
			buildConfigurationList = 96D67F1F25AD34AA000AC679 /* Build configuration list for PBXNativeTarget "RunKeeperTest (macOS)" */;
			buildPhases = (
				96D67EF625AD34AA000AC679 /* Sources */,
				96D67EF725AD34AA000AC679 /* Frameworks */,
				96D67EF825AD34AA000AC679 /* Resources */,
			);
			buildRules = (
			);
			dependencies = (
			);
			name = "RunKeeperTest (macOS)";
			productName = "RunKeeperTest (macOS)";
			productReference = 96D67EFA25AD34AA000AC679 /* RunKeeperTest.app */;
			productType = "com.apple.product-type.application";
		};
		96D67F0125AD34AA000AC679 /* Tests iOS */ = {
			isa = PBXNativeTarget;
			buildConfigurationList = 96D67F2225AD34AA000AC679 /* Build configuration list for PBXNativeTarget "Tests iOS" */;
			buildPhases = (
				96D67EFE25AD34AA000AC679 /* Sources */,
				96D67EFF25AD34AA000AC679 /* Frameworks */,
				96D67F0025AD34AA000AC679 /* Resources */,
			);
			buildRules = (
			);
			dependencies = (
				96D67F0425AD34AA000AC679 /* PBXTargetDependency */,
			);
			name = "Tests iOS";
			productName = "Tests iOS";
			productReference = 96D67F0225AD34AA000AC679 /* Tests iOS.xctest */;
			productType = "com.apple.product-type.bundle.ui-testing";
		};
		96D67F0C25AD34AA000AC679 /* Tests macOS */ = {
			isa = PBXNativeTarget;
			buildConfigurationList = 96D67F2525AD34AA000AC679 /* Build configuration list for PBXNativeTarget "Tests macOS" */;
			buildPhases = (
				96D67F0925AD34AA000AC679 /* Sources */,
				96D67F0A25AD34AA000AC679 /* Frameworks */,
				96D67F0B25AD34AA000AC679 /* Resources */,
			);
			buildRules = (
			);
			dependencies = (
				96D67F0F25AD34AA000AC679 /* PBXTargetDependency */,
			);
			name = "Tests macOS";
			productName = "Tests macOS";
			productReference = 96D67F0D25AD34AA000AC679 /* Tests macOS.xctest */;
			productType = "com.apple.product-type.bundle.ui-testing";
		};
/* End PBXNativeTarget section */

/* Begin PBXProject section */
		96D67EE625AD34A6000AC679 /* Project object */ = {
			isa = PBXProject;
			attributes = {
				LastSwiftUpdateCheck = 1230;
				LastUpgradeCheck = 1230;
				TargetAttributes = {
					96D67EF125AD34AA000AC679 = {
						CreatedOnToolsVersion = 12.3;
					};
					96D67EF925AD34AA000AC679 = {
						CreatedOnToolsVersion = 12.3;
					};
					96D67F0125AD34AA000AC679 = {
						CreatedOnToolsVersion = 12.3;
						TestTargetID = 96D67EF125AD34AA000AC679;
					};
					96D67F0C25AD34AA000AC679 = {
						CreatedOnToolsVersion = 12.3;
						TestTargetID = 96D67EF925AD34AA000AC679;
					};
				};
			};
			buildConfigurationList = 96D67EE925AD34A6000AC679 /* Build configuration list for PBXProject "RunKeeperTest" */;
			compatibilityVersion = "Xcode 9.3";
			developmentRegion = en;
			hasScannedForEncodings = 0;
			knownRegions = (
				en,
				Base,
			);
			mainGroup = 96D67EE525AD34A6000AC679;
			productRefGroup = 96D67EF325AD34AA000AC679 /* Products */;
			projectDirPath = "";
			projectRoot = "";
			targets = (
				96D67EF125AD34AA000AC679 /* RunKeeperTest (iOS) */,
				96D67EF925AD34AA000AC679 /* RunKeeperTest (macOS) */,
				96D67F0125AD34AA000AC679 /* Tests iOS */,
				96D67F0C25AD34AA000AC679 /* Tests macOS */,
			);
		};
/* End PBXProject section */

/* Begin PBXResourcesBuildPhase section */
		96D67EF025AD34AA000AC679 /* Resources */ = {
			isa = PBXResourcesBuildPhase;
			buildActionMask = 2147483647;
			files = (
				96D67F1825AD34AA000AC679 /* Assets.xcassets in Resources */,
				96B7EFDC25B75552002D2DC8 /* Shared in Resources */,
			);
			runOnlyForDeploymentPostprocessing = 0;
		};
		96D67EF825AD34AA000AC679 /* Resources */ = {
			isa = PBXResourcesBuildPhase;
			buildActionMask = 2147483647;
			files = (
				96D67F1925AD34AA000AC679 /* Assets.xcassets in Resources */,
				96B7EFDD25B75552002D2DC8 /* Shared in Resources */,
			);
			runOnlyForDeploymentPostprocessing = 0;
		};
		96D67F0025AD34AA000AC679 /* Resources */ = {
			isa = PBXResourcesBuildPhase;
			buildActionMask = 2147483647;
			files = (
			);
			runOnlyForDeploymentPostprocessing = 0;
		};
		96D67F0B25AD34AA000AC679 /* Resources */ = {
			isa = PBXResourcesBuildPhase;
			buildActionMask = 2147483647;
			files = (
			);
			runOnlyForDeploymentPostprocessing = 0;
		};
/* End PBXResourcesBuildPhase section */

/* Begin PBXSourcesBuildPhase section */
		96D67EEE25AD34AA000AC679 /* Sources */ = {
			isa = PBXSourcesBuildPhase;
			buildActionMask = 2147483647;
			files = (
				96B7EFE325B75552002D2DC8 /* StatusBarController.swift in Sources */,
				96D67F1625AD34AA000AC679 /* ContentView.swift in Sources */,
				96D67F1425AD34AA000AC679 /* RunKeeperTestApp.swift in Sources */,
			);
			runOnlyForDeploymentPostprocessing = 0;
		};
		96D67EF625AD34AA000AC679 /* Sources */ = {
			isa = PBXSourcesBuildPhase;
			buildActionMask = 2147483647;
			files = (
				96B7EFE425B75552002D2DC8 /* StatusBarController.swift in Sources */,
				96D67F1725AD34AA000AC679 /* ContentView.swift in Sources */,
				96D67F1525AD34AA000AC679 /* RunKeeperTestApp.swift in Sources */,
			);
			runOnlyForDeploymentPostprocessing = 0;
		};
		96D67EFE25AD34AA000AC679 /* Sources */ = {
			isa = PBXSourcesBuildPhase;
			buildActionMask = 2147483647;
			files = (
				96D67F0725AD34AA000AC679 /* Tests_iOS.swift in Sources */,
			);
			runOnlyForDeploymentPostprocessing = 0;
		};
		96D67F0925AD34AA000AC679 /* Sources */ = {
			isa = PBXSourcesBuildPhase;
			buildActionMask = 2147483647;
			files = (
				96D67F1225AD34AA000AC679 /* Tests_macOS.swift in Sources */,
			);
			runOnlyForDeploymentPostprocessing = 0;
		};
/* End PBXSourcesBuildPhase section */

/* Begin PBXTargetDependency section */
		96D67F0425AD34AA000AC679 /* PBXTargetDependency */ = {
			isa = PBXTargetDependency;
			target = 96D67EF125AD34AA000AC679 /* RunKeeperTest (iOS) */;
			targetProxy = 96D67F0325AD34AA000AC679 /* PBXContainerItemProxy */;
		};
		96D67F0F25AD34AA000AC679 /* PBXTargetDependency */ = {
			isa = PBXTargetDependency;
			target = 96D67EF925AD34AA000AC679 /* RunKeeperTest (macOS) */;
			targetProxy = 96D67F0E25AD34AA000AC679 /* PBXContainerItemProxy */;
		};
/* End PBXTargetDependency section */

/* Begin XCBuildConfiguration section */
		96D67F1A25AD34AA000AC679 /* Debug */ = {
			isa = XCBuildConfiguration;
			buildSettings = {
				ALWAYS_SEARCH_USER_PATHS = NO;
				CLANG_ANALYZER_NONNULL = YES;
				CLANG_ANALYZER_NUMBER_OBJECT_CONVERSION = YES_AGGRESSIVE;
				CLANG_CXX_LANGUAGE_STANDARD = "gnu++14";
				CLANG_CXX_LIBRARY = "libc++";
				CLANG_ENABLE_MODULES = YES;
				CLANG_ENABLE_OBJC_ARC = YES;
				CLANG_ENABLE_OBJC_WEAK = YES;
				CLANG_WARN_BLOCK_CAPTURE_AUTORELEASING = YES;
				CLANG_WARN_BOOL_CONVERSION = YES;
				CLANG_WARN_COMMA = YES;
				CLANG_WARN_CONSTANT_CONVERSION = YES;
				CLANG_WARN_DEPRECATED_OBJC_IMPLEMENTATIONS = YES;
				CLANG_WARN_DIRECT_OBJC_ISA_USAGE = YES_ERROR;
				CLANG_WARN_DOCUMENTATION_COMMENTS = YES;
				CLANG_WARN_EMPTY_BODY = YES;
				CLANG_WARN_ENUM_CONVERSION = YES;
				CLANG_WARN_INFINITE_RECURSION = YES;
				CLANG_WARN_INT_CONVERSION = YES;
				CLANG_WARN_NON_LITERAL_NULL_CONVERSION = YES;
				CLANG_WARN_OBJC_IMPLICIT_RETAIN_SELF = YES;
				CLANG_WARN_OBJC_LITERAL_CONVERSION = YES;
				CLANG_WARN_OBJC_ROOT_CLASS = YES_ERROR;
				CLANG_WARN_QUOTED_INCLUDE_IN_FRAMEWORK_HEADER = YES;
				CLANG_WARN_RANGE_LOOP_ANALYSIS = YES;
				CLANG_WARN_STRICT_PROTOTYPES = YES;
				CLANG_WARN_SUSPICIOUS_MOVE = YES;
				CLANG_WARN_UNGUARDED_AVAILABILITY = YES_AGGRESSIVE;
				CLANG_WARN_UNREACHABLE_CODE = YES;
				CLANG_WARN__DUPLICATE_METHOD_MATCH = YES;
				COPY_PHASE_STRIP = NO;
				DEBUG_INFORMATION_FORMAT = dwarf;
				ENABLE_STRICT_OBJC_MSGSEND = YES;
				ENABLE_TESTABILITY = YES;
				GCC_C_LANGUAGE_STANDARD = gnu11;
				GCC_DYNAMIC_NO_PIC = NO;
				GCC_NO_COMMON_BLOCKS = YES;
				GCC_OPTIMIZATION_LEVEL = 0;
				GCC_PREPROCESSOR_DEFINITIONS = (
					"DEBUG=1",
					"$(inherited)",
				);
				GCC_WARN_64_TO_32_BIT_CONVERSION = YES;
				GCC_WARN_ABOUT_RETURN_TYPE = YES_ERROR;
				GCC_WARN_UNDECLARED_SELECTOR = YES;
				GCC_WARN_UNINITIALIZED_AUTOS = YES_AGGRESSIVE;
				GCC_WARN_UNUSED_FUNCTION = YES;
				GCC_WARN_UNUSED_VARIABLE = YES;
				MTL_ENABLE_DEBUG_INFO = INCLUDE_SOURCE;
				MTL_FAST_MATH = YES;
				ONLY_ACTIVE_ARCH = YES;
				SWIFT_ACTIVE_COMPILATION_CONDITIONS = DEBUG;
				SWIFT_OPTIMIZATION_LEVEL = "-Onone";
			};
			name = Debug;
		};
		96D67F1B25AD34AA000AC679 /* Release */ = {
			isa = XCBuildConfiguration;
			buildSettings = {
				ALWAYS_SEARCH_USER_PATHS = NO;
				CLANG_ANALYZER_NONNULL = YES;
				CLANG_ANALYZER_NUMBER_OBJECT_CONVERSION = YES_AGGRESSIVE;
				CLANG_CXX_LANGUAGE_STANDARD = "gnu++14";
				CLANG_CXX_LIBRARY = "libc++";
				CLANG_ENABLE_MODULES = YES;
				CLANG_ENABLE_OBJC_ARC = YES;
				CLANG_ENABLE_OBJC_WEAK = YES;
				CLANG_WARN_BLOCK_CAPTURE_AUTORELEASING = YES;
				CLANG_WARN_BOOL_CONVERSION = YES;
				CLANG_WARN_COMMA = YES;
				CLANG_WARN_CONSTANT_CONVERSION = YES;
				CLANG_WARN_DEPRECATED_OBJC_IMPLEMENTATIONS = YES;
				CLANG_WARN_DIRECT_OBJC_ISA_USAGE = YES_ERROR;
				CLANG_WARN_DOCUMENTATION_COMMENTS = YES;
				CLANG_WARN_EMPTY_BODY = YES;
				CLANG_WARN_ENUM_CONVERSION = YES;
				CLANG_WARN_INFINITE_RECURSION = YES;
				CLANG_WARN_INT_CONVERSION = YES;
				CLANG_WARN_NON_LITERAL_NULL_CONVERSION = YES;
				CLANG_WARN_OBJC_IMPLICIT_RETAIN_SELF = YES;
				CLANG_WARN_OBJC_LITERAL_CONVERSION = YES;
				CLANG_WARN_OBJC_ROOT_CLASS = YES_ERROR;
				CLANG_WARN_QUOTED_INCLUDE_IN_FRAMEWORK_HEADER = YES;
				CLANG_WARN_RANGE_LOOP_ANALYSIS = YES;
				CLANG_WARN_STRICT_PROTOTYPES = YES;
				CLANG_WARN_SUSPICIOUS_MOVE = YES;
				CLANG_WARN_UNGUARDED_AVAILABILITY = YES_AGGRESSIVE;
				CLANG_WARN_UNREACHABLE_CODE = YES;
				CLANG_WARN__DUPLICATE_METHOD_MATCH = YES;
				COPY_PHASE_STRIP = NO;
				DEBUG_INFORMATION_FORMAT = "dwarf-with-dsym";
				ENABLE_NS_ASSERTIONS = NO;
				ENABLE_STRICT_OBJC_MSGSEND = YES;
				GCC_C_LANGUAGE_STANDARD = gnu11;
				GCC_NO_COMMON_BLOCKS = YES;
				GCC_WARN_64_TO_32_BIT_CONVERSION = YES;
				GCC_WARN_ABOUT_RETURN_TYPE = YES_ERROR;
				GCC_WARN_UNDECLARED_SELECTOR = YES;
				GCC_WARN_UNINITIALIZED_AUTOS = YES_AGGRESSIVE;
				GCC_WARN_UNUSED_FUNCTION = YES;
				GCC_WARN_UNUSED_VARIABLE = YES;
				MTL_ENABLE_DEBUG_INFO = NO;
				MTL_FAST_MATH = YES;
				SWIFT_COMPILATION_MODE = wholemodule;
				SWIFT_OPTIMIZATION_LEVEL = "-O";
			};
			name = Release;
		};
		96D67F1D25AD34AA000AC679 /* Debug */ = {
			isa = XCBuildConfiguration;
			buildSettings = {
				ASSETCATALOG_COMPILER_APPICON_NAME = AppIcon;
				ASSETCATALOG_COMPILER_GLOBAL_ACCENT_COLOR_NAME = AccentColor;
				CODE_SIGN_STYLE = Automatic;
				ENABLE_PREVIEWS = YES;
				INFOPLIST_FILE = iOS/Info.plist;
				IPHONEOS_DEPLOYMENT_TARGET = 14.0;
				LD_RUNPATH_SEARCH_PATHS = (
					"$(inherited)",
					"@executable_path/Frameworks",
				);
				PRODUCT_BUNDLE_IDENTIFIER = com.abdulrahmanmirza.RunKeeperTest;
				PRODUCT_NAME = RunKeeperTest;
				SDKROOT = iphoneos;
				SWIFT_VERSION = 5.0;
				TARGETED_DEVICE_FAMILY = "1,2";
			};
			name = Debug;
		};
		96D67F1E25AD34AA000AC679 /* Release */ = {
			isa = XCBuildConfiguration;
			buildSettings = {
				ASSETCATALOG_COMPILER_APPICON_NAME = AppIcon;
				ASSETCATALOG_COMPILER_GLOBAL_ACCENT_COLOR_NAME = AccentColor;
				CODE_SIGN_STYLE = Automatic;
				ENABLE_PREVIEWS = YES;
				INFOPLIST_FILE = iOS/Info.plist;
				IPHONEOS_DEPLOYMENT_TARGET = 14.0;
				LD_RUNPATH_SEARCH_PATHS = (
					"$(inherited)",
					"@executable_path/Frameworks",
				);
				PRODUCT_BUNDLE_IDENTIFIER = com.abdulrahmanmirza.RunKeeperTest;
				PRODUCT_NAME = RunKeeperTest;
				SDKROOT = iphoneos;
				SWIFT_VERSION = 5.0;
				TARGETED_DEVICE_FAMILY = "1,2";
				VALIDATE_PRODUCT = YES;
			};
			name = Release;
		};
		96D67F2025AD34AA000AC679 /* Debug */ = {
			isa = XCBuildConfiguration;
			buildSettings = {
				ASSETCATALOG_COMPILER_APPICON_NAME = AppIcon;
				ASSETCATALOG_COMPILER_GLOBAL_ACCENT_COLOR_NAME = AccentColor;
				CODE_SIGN_ENTITLEMENTS = macOS/macOS.entitlements;
				CODE_SIGN_STYLE = Automatic;
				COMBINE_HIDPI_IMAGES = YES;
				ENABLE_PREVIEWS = YES;
				INFOPLIST_FILE = macOS/Info.plist;
				LD_RUNPATH_SEARCH_PATHS = (
					"$(inherited)",
					"@executable_path/../Frameworks",
				);
				MACOSX_DEPLOYMENT_TARGET = 11.0;
				PRODUCT_BUNDLE_IDENTIFIER = com.abdulrahmanmirza.RunKeeperTest;
				PRODUCT_NAME = RunKeeperTest;
				SDKROOT = macosx;
				SWIFT_VERSION = 5.0;
			};
			name = Debug;
		};
		96D67F2125AD34AA000AC679 /* Release */ = {
			isa = XCBuildConfiguration;
			buildSettings = {
				ASSETCATALOG_COMPILER_APPICON_NAME = AppIcon;
				ASSETCATALOG_COMPILER_GLOBAL_ACCENT_COLOR_NAME = AccentColor;
				CODE_SIGN_ENTITLEMENTS = macOS/macOS.entitlements;
				CODE_SIGN_STYLE = Automatic;
				COMBINE_HIDPI_IMAGES = YES;
				ENABLE_PREVIEWS = YES;
				INFOPLIST_FILE = macOS/Info.plist;
				LD_RUNPATH_SEARCH_PATHS = (
					"$(inherited)",
					"@executable_path/../Frameworks",
				);
				MACOSX_DEPLOYMENT_TARGET = 11.0;
				PRODUCT_BUNDLE_IDENTIFIER = com.abdulrahmanmirza.RunKeeperTest;
				PRODUCT_NAME = RunKeeperTest;
				SDKROOT = macosx;
				SWIFT_VERSION = 5.0;
			};
			name = Release;
		};
		96D67F2325AD34AA000AC679 /* Debug */ = {
			isa = XCBuildConfiguration;
			buildSettings = {
				ALWAYS_EMBED_SWIFT_STANDARD_LIBRARIES = YES;
				CODE_SIGN_STYLE = Automatic;
				INFOPLIST_FILE = "Tests iOS/Info.plist";
				IPHONEOS_DEPLOYMENT_TARGET = 14.3;
				LD_RUNPATH_SEARCH_PATHS = (
					"$(inherited)",
					"@executable_path/Frameworks",
					"@loader_path/Frameworks",
				);
				PRODUCT_BUNDLE_IDENTIFIER = "com.abdulrahmanmirza.Tests-iOS";
				PRODUCT_NAME = "$(TARGET_NAME)";
				SDKROOT = iphoneos;
				SWIFT_VERSION = 5.0;
				TARGETED_DEVICE_FAMILY = "1,2";
				TEST_TARGET_NAME = "RunKeeperTest (iOS)";
			};
			name = Debug;
		};
		96D67F2425AD34AA000AC679 /* Release */ = {
			isa = XCBuildConfiguration;
			buildSettings = {
				ALWAYS_EMBED_SWIFT_STANDARD_LIBRARIES = YES;
				CODE_SIGN_STYLE = Automatic;
				INFOPLIST_FILE = "Tests iOS/Info.plist";
				IPHONEOS_DEPLOYMENT_TARGET = 14.3;
				LD_RUNPATH_SEARCH_PATHS = (
					"$(inherited)",
					"@executable_path/Frameworks",
					"@loader_path/Frameworks",
				);
				PRODUCT_BUNDLE_IDENTIFIER = "com.abdulrahmanmirza.Tests-iOS";
				PRODUCT_NAME = "$(TARGET_NAME)";
				SDKROOT = iphoneos;
				SWIFT_VERSION = 5.0;
				TARGETED_DEVICE_FAMILY = "1,2";
				TEST_TARGET_NAME = "RunKeeperTest (iOS)";
				VALIDATE_PRODUCT = YES;
			};
			name = Release;
		};
		96D67F2625AD34AA000AC679 /* Debug */ = {
			isa = XCBuildConfiguration;
			buildSettings = {
				ALWAYS_EMBED_SWIFT_STANDARD_LIBRARIES = YES;
				CODE_SIGN_STYLE = Automatic;
				COMBINE_HIDPI_IMAGES = YES;
				INFOPLIST_FILE = "Tests macOS/Info.plist";
				LD_RUNPATH_SEARCH_PATHS = (
					"$(inherited)",
					"@executable_path/../Frameworks",
					"@loader_path/../Frameworks",
				);
				MACOSX_DEPLOYMENT_TARGET = 11.0;
				PRODUCT_BUNDLE_IDENTIFIER = "com.abdulrahmanmirza.Tests-macOS";
				PRODUCT_NAME = "$(TARGET_NAME)";
				SDKROOT = macosx;
				SWIFT_VERSION = 5.0;
				TEST_TARGET_NAME = "RunKeeperTest (macOS)";
			};
			name = Debug;
		};
		96D67F2725AD34AA000AC679 /* Release */ = {
			isa = XCBuildConfiguration;
			buildSettings = {
				ALWAYS_EMBED_SWIFT_STANDARD_LIBRARIES = YES;
				CODE_SIGN_STYLE = Automatic;
				COMBINE_HIDPI_IMAGES = YES;
				INFOPLIST_FILE = "Tests macOS/Info.plist";
				LD_RUNPATH_SEARCH_PATHS = (
					"$(inherited)",
					"@executable_path/../Frameworks",
					"@loader_path/../Frameworks",
				);
				MACOSX_DEPLOYMENT_TARGET = 11.0;
				PRODUCT_BUNDLE_IDENTIFIER = "com.abdulrahmanmirza.Tests-macOS";
				PRODUCT_NAME = "$(TARGET_NAME)";
				SDKROOT = macosx;
				SWIFT_VERSION = 5.0;
				TEST_TARGET_NAME = "RunKeeperTest (macOS)";
			};
			name = Release;
		};
/* End XCBuildConfiguration section */

/* Begin XCConfigurationList section */
		96D67EE925AD34A6000AC679 /* Build configuration list for PBXProject "RunKeeperTest" */ = {
			isa = XCConfigurationList;
			buildConfigurations = (
				96D67F1A25AD34AA000AC679 /* Debug */,
				96D67F1B25AD34AA000AC679 /* Release */,
			);
			defaultConfigurationIsVisible = 0;
			defaultConfigurationName = Release;
		};
		96D67F1C25AD34AA000AC679 /* Build configuration list for PBXNativeTarget "RunKeeperTest (iOS)" */ = {
			isa = XCConfigurationList;
			buildConfigurations = (
				96D67F1D25AD34AA000AC679 /* Debug */,
				96D67F1E25AD34AA000AC679 /* Release */,
			);
			defaultConfigurationIsVisible = 0;
			defaultConfigurationName = Release;
		};
		96D67F1F25AD34AA000AC679 /* Build configuration list for PBXNativeTarget "RunKeeperTest (macOS)" */ = {
			isa = XCConfigurationList;
			buildConfigurations = (
				96D67F2025AD34AA000AC679 /* Debug */,
				96D67F2125AD34AA000AC679 /* Release */,
			);
			defaultConfigurationIsVisible = 0;
			defaultConfigurationName = Release;
		};
		96D67F2225AD34AA000AC679 /* Build configuration list for PBXNativeTarget "Tests iOS" */ = {
			isa = XCConfigurationList;
			buildConfigurations = (
				96D67F2325AD34AA000AC679 /* Debug */,
				96D67F2425AD34AA000AC679 /* Release */,
			);
			defaultConfigurationIsVisible = 0;
			defaultConfigurationName = Release;
		};
		96D67F2525AD34AA000AC679 /* Build configuration list for PBXNativeTarget "Tests macOS" */ = {
			isa = XCConfigurationList;
			buildConfigurations = (
				96D67F2625AD34AA000AC679 /* Debug */,
				96D67F2725AD34AA000AC679 /* Release */,
			);
			defaultConfigurationIsVisible = 0;
			defaultConfigurationName = Release;
		};
/* End XCConfigurationList section */
	};
	rootObject = 96D67EE625AD34A6000AC679 /* Project object */;
}
